
Microsoft Visual Studio Solution File, Format Version 12.00
# Visual Studio 15
VisualStudioVersion = 15.0.27130.2036
MinimumVisualStudioVersion = 10.0.40219.1
Project("{FAE04EC0-301F-11D3-BF4B-00C04F79EFBC}") = "Demo_AsycOperations", "Demo_AsycOperations\Demo_AsycOperations.csproj", "{FD4C1CDD-DDA8-4930-AFD5-DFE11D0B968D}"
EndProject
Global
	GlobalSection(SolutionConfigurationPlatforms) = preSolution
		Debug|Any CPU = Debug|Any CPU
		Release|Any CPU = Release|Any CPU
	EndGlobalSection
	GlobalSection(ProjectConfigurationPlatforms) = postSolution
		{FD4C1CDD-DDA8-4930-AFD5-DFE11D0B968D}.Debug|Any CPU.ActiveCfg = Debug|Any CPU
		{FD4C1CDD-DDA8-4930-AFD5-DFE11D0B968D}.Debug|Any CPU.Build.0 = Debug|Any CPU
		{FD4C1CDD-DDA8-4930-AFD5-DFE11D0B968D}.Release|Any CPU.ActiveCfg = Release|Any CPU
		{FD4C1CDD-DDA8-4930-AFD5-DFE11D0B968D}.Release|Any CPU.Build.0 = Release|Any CPU
	EndGlobalSection
	GlobalSection(SolutionProperties) = preSolution
		HideSolutionNode = FALSE
	EndGlobalSection
	GlobalSection(ExtensibilityGlobals) = postSolution
		SolutionGuid = {0C1A24C8-FDEA-4C33-B860-2D39720E2C7B}
	EndGlobalSection
EndGlobal
